
Microsoft Visual Studio Solution File, Format Version 12.00
# Visual Studio 15
VisualStudioVersion = 15.0.27703.2035
MinimumVisualStudioVersion = 10.0.40219.1
Project("{FAE04EC0-301F-11D3-BF4B-00C04F79EFBC}") = "Presentation", "Presentation\Presentation.csproj", "{88427CD7-8D5C-4849-A480-D53A997D3E9D}"
EndProject
Project("{FAE04EC0-301F-11D3-BF4B-00C04F79EFBC}") = "Bisiness", "Bisiness\Bisiness.csproj", "{2CC55D3D-3CC3-49AF-9312-A2319F03DB16}"
EndProject
Project("{FAE04EC0-301F-11D3-BF4B-00C04F79EFBC}") = "DataAccess", "DAL\DataAccess.csproj", "{F8AC1EB4-6341-4700-9EB0-D6E17206C717}"
EndProject
Global
	GlobalSection(SolutionConfigurationPlatforms) = preSolution
		Debug|Any CPU = Debug|Any CPU
		Release|Any CPU = Release|Any CPU
	EndGlobalSection
	GlobalSection(ProjectConfigurationPlatforms) = postSolution
		{88427CD7-8D5C-4849-A480-D53A997D3E9D}.Debug|Any CPU.ActiveCfg = Debug|Any CPU
		{88427CD7-8D5C-4849-A480-D53A997D3E9D}.Debug|Any CPU.Build.0 = Debug|Any CPU
		{88427CD7-8D5C-4849-A480-D53A997D3E9D}.Release|Any CPU.ActiveCfg = Release|Any CPU
		{88427CD7-8D5C-4849-A480-D53A997D3E9D}.Release|Any CPU.Build.0 = Release|Any CPU
		{2CC55D3D-3CC3-49AF-9312-A2319F03DB16}.Debug|Any CPU.ActiveCfg = Debug|Any CPU
		{2CC55D3D-3CC3-49AF-9312-A2319F03DB16}.Debug|Any CPU.Build.0 = Debug|Any CPU
		{2CC55D3D-3CC3-49AF-9312-A2319F03DB16}.Release|Any CPU.ActiveCfg = Release|Any CPU
		{2CC55D3D-3CC3-49AF-9312-A2319F03DB16}.Release|Any CPU.Build.0 = Release|Any CPU
		{F8AC1EB4-6341-4700-9EB0-D6E17206C717}.Debug|Any CPU.ActiveCfg = Debug|Any CPU
		{F8AC1EB4-6341-4700-9EB0-D6E17206C717}.Debug|Any CPU.Build.0 = Debug|Any CPU
		{F8AC1EB4-6341-4700-9EB0-D6E17206C717}.Release|Any CPU.ActiveCfg = Release|Any CPU
		{F8AC1EB4-6341-4700-9EB0-D6E17206C717}.Release|Any CPU.Build.0 = Release|Any CPU
	EndGlobalSection
	GlobalSection(SolutionProperties) = preSolution
		HideSolutionNode = FALSE
	EndGlobalSection
	GlobalSection(ExtensibilityGlobals) = postSolution
		SolutionGuid = {9818930F-207F-4A16-9216-4D05C224E2D1}
	EndGlobalSection
EndGlobal
